
Microsoft Visual Studio Solution File, Format Version 12.00
# Visual Studio 15
VisualStudioVersion = 15.0.28010.2003
MinimumVisualStudioVersion = 10.0.40219.1
Project("{FAE04EC0-301F-11D3-BF4B-00C04F79EFBC}") = "Horizone", "Horizone\Horizone.csproj", "{BF44C855-5E1B-4D61-9844-D3B487C96033}"
EndProject
Project("{FAE04EC0-301F-11D3-BF4B-00C04F79EFBC}") = "StaticResource", "StaticResource\StaticResource.csproj", "{0A82A9FD-5A7E-4A31-A482-2549B07E8A4F}"
EndProject
Global
	GlobalSection(SolutionConfigurationPlatforms) = preSolution
		Debug|Any CPU = Debug|Any CPU
		Release|Any CPU = Release|Any CPU
	EndGlobalSection
	GlobalSection(ProjectConfigurationPlatforms) = postSolution
		{BF44C855-5E1B-4D61-9844-D3B487C96033}.Debug|Any CPU.ActiveCfg = Debug|Any CPU
		{BF44C855-5E1B-4D61-9844-D3B487C96033}.Debug|Any CPU.Build.0 = Debug|Any CPU
		{BF44C855-5E1B-4D61-9844-D3B487C96033}.Release|Any CPU.ActiveCfg = Release|Any CPU
		{BF44C855-5E1B-4D61-9844-D3B487C96033}.Release|Any CPU.Build.0 = Release|Any CPU
		{0A82A9FD-5A7E-4A31-A482-2549B07E8A4F}.Debug|Any CPU.ActiveCfg = Debug|Any CPU
		{0A82A9FD-5A7E-4A31-A482-2549B07E8A4F}.Debug|Any CPU.Build.0 = Debug|Any CPU
		{0A82A9FD-5A7E-4A31-A482-2549B07E8A4F}.Release|Any CPU.ActiveCfg = Release|Any CPU
		{0A82A9FD-5A7E-4A31-A482-2549B07E8A4F}.Release|Any CPU.Build.0 = Release|Any CPU
	EndGlobalSection
	GlobalSection(SolutionProperties) = preSolution
		HideSolutionNode = FALSE
	EndGlobalSection
	GlobalSection(ExtensibilityGlobals) = postSolution
		SolutionGuid = {BB187223-F0C0-45F1-93E4-C5EA0E80AF28}
	EndGlobalSection
EndGlobal
